<?xml version="1.0" encoding="utf-8"?>
<Project ToolsVersion="4.0" xmlns="http://schemas.microsoft.com/developer/msbuild/2003">
  <ItemGroup>
    <Filter Include="소스 파일">
      <UniqueIdentifier>{4FC737F1-C7A5-4376-A066-2A32D752A2FF}</UniqueIdentifier>
      <Extensions>cpp;c;cc;cxx;c++;cppm;ixx;def;odl;idl;hpj;bat;asm;asmx</Extensions>
    </Filter>
    <Filter Include="헤더 파일">
      <UniqueIdentifier>{93995380-89BD-4b04-88EB-625FBE52EBFB}</UniqueIdentifier>
      <Extensions>h;hh;hpp;hxx;h++;hm;inl;inc;ipp;xsd</Extensions>
    </Filter>
    <Filter Include="리소스 파일">
      <UniqueIdentifier>{67DA6AB6-F800-4c08-8B7A-83BB121AAD01}</UniqueIdentifier>
      <Extensions>rc;ico;cur;bmp;dlg;rc2;rct;bin;rgs;gif;jpg;jpeg;jpe;resx;tiff;tif;png;wav;mfcribbon-ms</Extensions>
    </Filter>
    <Filter Include="소스 파일\Base">
      <UniqueIdentifier>{11421b8f-660d-4ed5-b35d-024dd46f1807}</UniqueIdentifier>
    </Filter>
    <Filter Include="헤더 파일\Base">
      <UniqueIdentifier>{32e2c523-5d09-449b-b77b-c739c5b49ec7}</UniqueIdentifier>
    </Filter>
    <Filter Include="소스 파일\Base\Render">
      <UniqueIdentifier>{ef909794-bca3-48ae-9ae8-4a73e7941912}</UniqueIdentifier>
    </Filter>
    <Filter Include="소스 파일\EC">
      <UniqueIdentifier>{6dce5bba-d90f-471c-bccc-0b5a23bdfd22}</UniqueIdentifier>
    </Filter>
    <Filter Include="소스 파일\EC\Entity">
      <UniqueIdentifier>{aacad877-b757-46bc-bb91-fd6a35423e16}</UniqueIdentifier>
    </Filter>
    <Filter Include="소스 파일\EC\Component">
      <UniqueIdentifier>{da4bd9ba-634e-4622-934e-e014e2cc60e3}</UniqueIdentifier>
    </Filter>
    <Filter Include="소스 파일\EC\Entity\Base">
      <UniqueIdentifier>{5a039092-0107-4f4c-8780-9a69fa0ff320}</UniqueIdentifier>
    </Filter>
    <Filter Include="소스 파일\EC\Entity\HandleTable">
      <UniqueIdentifier>{ded10cfa-6357-4739-b9c4-a6940f714c24}</UniqueIdentifier>
    </Filter>
    <Filter Include="소스 파일\EC\FamilyTypeId">
      <UniqueIdentifier>{9ca8aa67-7c74-4bee-b2f7-62ab7c91668a}</UniqueIdentifier>
    </Filter>
    <Filter Include="소스 파일\EC\Component\Base">
      <UniqueIdentifier>{da220c2d-67f4-4a5a-858c-763aff16e89e}</UniqueIdentifier>
    </Filter>
    <Filter Include="소스 파일\EC\Manager">
      <UniqueIdentifier>{eeb4deba-899b-44f3-bb8f-3728c50c5c87}</UniqueIdentifier>
    </Filter>
    <Filter Include="소스 파일\EC\Event">
      <UniqueIdentifier>{5ab1a230-9a18-479e-ae92-b814e6739b4d}</UniqueIdentifier>
    </Filter>
    <Filter Include="소스 파일\EC\Event\Base">
      <UniqueIdentifier>{3aacea2c-c78c-47f1-a7d1-7bd17ec6e76a}</UniqueIdentifier>
    </Filter>
    <Filter Include="소스 파일\EC\Event\Delegate">
      <UniqueIdentifier>{f0d07b68-c672-4537-a24b-69d89d872571}</UniqueIdentifier>
    </Filter>
    <Filter Include="소스 파일\EC\Event\Dispatcher">
      <UniqueIdentifier>{df33e2b0-5c9b-4d5e-9d9c-f911e8714ac0}</UniqueIdentifier>
    </Filter>
    <Filter Include="소스 파일\EC\Event\Handler">
      <UniqueIdentifier>{834dc08f-267a-4b25-8da0-fb0578fe11a6}</UniqueIdentifier>
    </Filter>
    <Filter Include="소스 파일\EC\Event\Listener">
      <UniqueIdentifier>{d2214860-3417-4233-a737-8f5d204828f2}</UniqueIdentifier>
    </Filter>
    <Filter Include="소스 파일\EC\Base">
      <UniqueIdentifier>{02c51aa0-870b-4c2e-b1d4-e8e485102931}</UniqueIdentifier>
    </Filter>
    <Filter Include="소스 파일\Base\Time">
      <UniqueIdentifier>{5ac94f57-a8b6-41a6-a9ce-37ea9c424b9c}</UniqueIdentifier>
    </Filter>
    <Filter Include="소스 파일\Component">
      <UniqueIdentifier>{9e0cc2e0-844b-4818-bfd3-e1f397e69b46}</UniqueIdentifier>
    </Filter>
    <Filter Include="소스 파일\Component\Transform">
      <UniqueIdentifier>{66f9fa8e-0ed1-472b-8b4e-4cd47178f800}</UniqueIdentifier>
    </Filter>
    <Filter Include="소스 파일\Component\Sprite">
      <UniqueIdentifier>{8df6769c-5c94-44a2-9a5b-30275ea0b805}</UniqueIdentifier>
    </Filter>
    <Filter Include="소스 파일\Component\UI">
      <UniqueIdentifier>{15a5a1a3-75e0-42cf-9abb-63b63941a1ac}</UniqueIdentifier>
    </Filter>
    <Filter Include="소스 파일\Component\UI\Transform">
      <UniqueIdentifier>{94d18150-9283-4a6b-9d32-c93e86c344f8}</UniqueIdentifier>
    </Filter>
    <Filter Include="소스 파일\Component\UI\Group">
      <UniqueIdentifier>{58c8bf28-3809-4e1f-b623-fb2d03631205}</UniqueIdentifier>
    </Filter>
    <Filter Include="소스 파일\Component\UI\Button">
      <UniqueIdentifier>{a8087b0c-13a9-46b4-845d-e8e8469438b0}</UniqueIdentifier>
    </Filter>
    <Filter Include="소스 파일\Component\UI\Text">
      <UniqueIdentifier>{05b23de1-3ec4-4892-8f53-6770940a592c}</UniqueIdentifier>
    </Filter>
    <Filter Include="소스 파일\Util">
      <UniqueIdentifier>{fbc59b68-ae51-49f6-8ff5-01832a1c36ce}</UniqueIdentifier>
    </Filter>
    <Filter Include="소스 파일\Util\Vector3">
      <UniqueIdentifier>{b3048f8c-6d64-43eb-8051-ce612bc9ab83}</UniqueIdentifier>
    </Filter>
    <Filter Include="소스 파일\Resource">
      <UniqueIdentifier>{b0682caf-836d-4872-a6d8-160c5497ac10}</UniqueIdentifier>
    </Filter>
    <Filter Include="소스 파일\Resource\SpriteSet">
      <UniqueIdentifier>{796b331d-7401-4e47-8abf-b770576d7457}</UniqueIdentifier>
    </Filter>
    <Filter Include="소스 파일\Component\Map">
      <UniqueIdentifier>{a20ba968-cbb0-4263-8bdb-e3ec402c901d}</UniqueIdentifier>
    </Filter>
    <Filter Include="소스 파일\DefaultEntity">
      <UniqueIdentifier>{c5a061e5-ff3f-43f1-878c-9d3dd4e747ac}</UniqueIdentifier>
    </Filter>
    <Filter Include="소스 파일\DefaultEntity\Map">
      <UniqueIdentifier>{7fc6221c-f955-4cdb-aad5-36aeb8beb42e}</UniqueIdentifier>
    </Filter>
    <Filter Include="소스 파일\DefaultEntity\Object">
      <UniqueIdentifier>{a45e2167-3234-4d3a-b46c-7cbf9e550252}</UniqueIdentifier>
    </Filter>
    <Filter Include="소스 파일\DefaultEntity\World">
      <UniqueIdentifier>{734b47f4-16d7-4993-9e1e-f8ab24ec9f56}</UniqueIdentifier>
    </Filter>
    <Filter Include="소스 파일\DefaultEntity\UI">
      <UniqueIdentifier>{fa4a6fc2-d1c0-4979-9d36-e4601fb7a3f0}</UniqueIdentifier>
    </Filter>
    <Filter Include="소스 파일\Component\State">
      <UniqueIdentifier>{29e89a43-2718-4567-83bd-2d67c798427f}</UniqueIdentifier>
    </Filter>
    <Filter Include="소스 파일\Component\Collider">
      <UniqueIdentifier>{62666143-0a8e-47df-84a5-bc46338c0319}</UniqueIdentifier>
    </Filter>
    <Filter Include="소스 파일\Util\CallTimer">
      <UniqueIdentifier>{2b42d62f-0ea4-460a-9d61-9e2736800b3e}</UniqueIdentifier>
    </Filter>
    <Filter Include="소스 파일\Component\Rigidbody">
      <UniqueIdentifier>{2a2376ec-c687-4214-8c1a-dbfcc934f216}</UniqueIdentifier>
    </Filter>
    <Filter Include="소스 파일\BaseSystem">
      <UniqueIdentifier>{833231b2-0627-4e8c-b642-e0aedf4ba9ca}</UniqueIdentifier>
    </Filter>
    <Filter Include="소스 파일\BaseSystem\Input">
      <UniqueIdentifier>{6a640468-8108-4a89-8811-5392417d77cf}</UniqueIdentifier>
    </Filter>
    <Filter Include="소스 파일\Component\UI\Button\ButtonState">
      <UniqueIdentifier>{effe80fe-f7a6-4328-9801-7d5c5a37cbad}</UniqueIdentifier>
    </Filter>
    <Filter Include="소스 파일\Component\UI\Button\ButtonState\Clicked">
      <UniqueIdentifier>{15dd88eb-57e0-49ba-8411-5f06553115cb}</UniqueIdentifier>
    </Filter>
    <Filter Include="소스 파일\Component\UI\Button\ButtonState\Hover">
      <UniqueIdentifier>{4897ecbe-8dde-4489-aa37-f7b9a59d9b48}</UniqueIdentifier>
    </Filter>
    <Filter Include="소스 파일\Component\UI\Button\ButtonState\Normal">
      <UniqueIdentifier>{5e245752-d40e-470a-be75-76bbf989c06d}</UniqueIdentifier>
    </Filter>
    <Filter Include="소스 파일\Component\UI\Button\ButtonState\Pressed">
      <UniqueIdentifier>{846677f2-e3ed-4426-8c78-ea72cae62a9e}</UniqueIdentifier>
    </Filter>
    <Filter Include="소스 파일\Component\UI\Button\ButtonState\Released">
      <UniqueIdentifier>{77e441ac-48f8-4d16-9438-7c4d7c33ceb3}</UniqueIdentifier>
    </Filter>
    <Filter Include="소스 파일\Util\UtilFunction">
      <UniqueIdentifier>{f6b1b2b9-8754-410c-9571-571c5b1e65c3}</UniqueIdentifier>
    </Filter>
    <Filter Include="소스 파일\Component\UI\Sprite">
      <UniqueIdentifier>{32e3762a-ffed-4fb1-bb33-c5d5e36e2900}</UniqueIdentifier>
    </Filter>
    <Filter Include="소스 파일\DefaultEntity\UI\Text">
      <UniqueIdentifier>{a130a71c-3814-4d8f-bb3a-f75ae818cc38}</UniqueIdentifier>
    </Filter>
    <Filter Include="소스 파일\DefaultEntity\UI\Button">
      <UniqueIdentifier>{e834f7fb-3c55-4e00-a6fb-eb19396572a3}</UniqueIdentifier>
    </Filter>
    <Filter Include="소스 파일\DefaultEntity\UI\Pannel">
      <UniqueIdentifier>{78ad65e8-ba38-4c6a-be48-a40de32e1a7a}</UniqueIdentifier>
    </Filter>
    <Filter Include="소스 파일\BaseSystem\Render">
      <UniqueIdentifier>{e18c2ae6-8249-4353-95dd-b1b06134fae6}</UniqueIdentifier>
    </Filter>
    <Filter Include="소스 파일\Component\Animator">
      <UniqueIdentifier>{95e8142e-5fd8-4271-8253-18b4aa35cb0b}</UniqueIdentifier>
    </Filter>
  </ItemGroup>
  <ItemGroup>
    <ClInclude Include="framework.h">
      <Filter>헤더 파일</Filter>
    </ClInclude>
    <ClInclude Include="TimeSystem.h">
      <Filter>소스 파일\Base\Time</Filter>
    </ClInclude>
    <ClInclude Include="GameEngine.h">
      <Filter>헤더 파일\Base</Filter>
    </ClInclude>
    <ClInclude Include="pch.h">
      <Filter>헤더 파일\Base</Filter>
    </ClInclude>
    <ClInclude Include="STL.h">
      <Filter>헤더 파일\Base</Filter>
    </ClInclude>
    <ClInclude Include="D2DRender.h">
      <Filter>소스 파일\Base\Render</Filter>
    </ClInclude>
    <ClInclude Include="EntityHandleTable.h">
      <Filter>소스 파일\EC\Entity\HandleTable</Filter>
    </ClInclude>
    <ClInclude Include="FamilyTypeId.h">
      <Filter>소스 파일\EC\FamilyTypeId</Filter>
    </ClInclude>
    <ClInclude Include="IComponent.h">
      <Filter>소스 파일\EC\Component\Base</Filter>
    </ClInclude>
    <ClInclude Include="Component.h">
      <Filter>소스 파일\EC\Component</Filter>
    </ClInclude>
    <ClInclude Include="IEntity.h">
      <Filter>소스 파일\EC\Entity\Base</Filter>
    </ClInclude>
    <ClInclude Include="Entity.h">
      <Filter>소스 파일\EC\Entity</Filter>
    </ClInclude>
    <ClInclude Include="Event.h">
      <Filter>소스 파일\EC\Event</Filter>
    </ClInclude>
    <ClInclude Include="IEvent.h">
      <Filter>소스 파일\EC\Event\Base</Filter>
    </ClInclude>
    <ClInclude Include="EventDelegate.h">
      <Filter>소스 파일\EC\Event\Delegate</Filter>
    </ClInclude>
    <ClInclude Include="EventDispatcher.h">
      <Filter>소스 파일\EC\Event\Dispatcher</Filter>
    </ClInclude>
    <ClInclude Include="EventHandler.h">
      <Filter>소스 파일\EC\Event\Handler</Filter>
    </ClInclude>
    <ClInclude Include="EventListener.h">
      <Filter>소스 파일\EC\Event\Listener</Filter>
    </ClInclude>
    <ClInclude Include="ComponentManager.h">
      <Filter>소스 파일\EC\Manager</Filter>
    </ClInclude>
    <ClInclude Include="EntityManager.h">
      <Filter>소스 파일\EC\Manager</Filter>
    </ClInclude>
    <ClInclude Include="ECBase.h">
      <Filter>소스 파일\EC\Base</Filter>
    </ClInclude>
    <ClInclude Include="Elements.h">
      <Filter>소스 파일\EC\Base</Filter>
    </ClInclude>
    <ClInclude Include="ECMain.h">
      <Filter>소스 파일\EC\Base</Filter>
    </ClInclude>
    <ClInclude Include="Transform.h">
      <Filter>소스 파일\Component\Transform</Filter>
    </ClInclude>
    <ClInclude Include="Vector3.h">
      <Filter>소스 파일\Util\Vector3</Filter>
    </ClInclude>
    <ClInclude Include="globalheader.h">
      <Filter>헤더 파일\Base</Filter>
    </ClInclude>
    <ClInclude Include="Sprite.h">
      <Filter>소스 파일\Component\Sprite</Filter>
    </ClInclude>
    <ClInclude Include="ResourceSystem.h">
      <Filter>소스 파일\Resource</Filter>
    </ClInclude>
    <ClInclude Include="SpriteSet.h">
      <Filter>소스 파일\Resource\SpriteSet</Filter>
    </ClInclude>
    <ClInclude Include="Entities.h">
      <Filter>헤더 파일\Base</Filter>
    </ClInclude>
    <ClInclude Include="Components.h">
      <Filter>헤더 파일\Base</Filter>
    </ClInclude>
    <ClInclude Include="MapComponent.h">
      <Filter>소스 파일\Component\Map</Filter>
    </ClInclude>
    <ClInclude Include="Map.h">
      <Filter>소스 파일\DefaultEntity\Map</Filter>
    </ClInclude>
    <ClInclude Include="Object.h">
      <Filter>소스 파일\DefaultEntity\Object</Filter>
    </ClInclude>
    <ClInclude Include="World.h">
      <Filter>소스 파일\DefaultEntity\World</Filter>
    </ClInclude>
    <ClInclude Include="DefaultUI.h">
      <Filter>소스 파일\DefaultEntity\UI</Filter>
    </ClInclude>
    <ClInclude Include="UITransform.h">
      <Filter>소스 파일\Component\UI\Transform</Filter>
    </ClInclude>
    <ClInclude Include="StateComponent.h">
      <Filter>소스 파일\Component\State</Filter>
    </ClInclude>
    <ClInclude Include="State.h">
      <Filter>소스 파일\Component\State</Filter>
    </ClInclude>
    <ClInclude Include="ColliderComponent.h">
      <Filter>소스 파일\Component\Collider</Filter>
    </ClInclude>
    <ClInclude Include="EnumClass.h">
      <Filter>헤더 파일\Base</Filter>
    </ClInclude>
    <ClInclude Include="GameElements.h">
      <Filter>헤더 파일\Base</Filter>
    </ClInclude>
    <ClInclude Include="FunctionTimer.h">
      <Filter>소스 파일\Util\CallTimer</Filter>
    </ClInclude>
    <ClInclude Include="RigidBody.h">
      <Filter>소스 파일\Component\Rigidbody</Filter>
    </ClInclude>
    <ClInclude Include="InputSystem.h">
      <Filter>소스 파일\BaseSystem\Input</Filter>
    </ClInclude>
    <ClInclude Include="UIGroup.h">
      <Filter>소스 파일\Component\UI\Group</Filter>
    </ClInclude>
    <ClInclude Include="TextComponent.h">
      <Filter>소스 파일\Component\UI\Text</Filter>
    </ClInclude>
    <ClInclude Include="ButtonComponent.h">
      <Filter>소스 파일\Component\UI\Button</Filter>
    </ClInclude>
    <ClInclude Include="ButtonStates.h">
      <Filter>소스 파일\Component\UI\Button\ButtonState</Filter>
    </ClInclude>
    <ClInclude Include="ButtonClicked.h">
      <Filter>소스 파일\Component\UI\Button\ButtonState\Clicked</Filter>
    </ClInclude>
    <ClInclude Include="ButtonHover.h">
      <Filter>소스 파일\Component\UI\Button\ButtonState\Hover</Filter>
    </ClInclude>
    <ClInclude Include="ButtonNormal.h">
      <Filter>소스 파일\Component\UI\Button\ButtonState\Normal</Filter>
    </ClInclude>
    <ClInclude Include="ButtonPressed.h">
      <Filter>소스 파일\Component\UI\Button\ButtonState\Pressed</Filter>
    </ClInclude>
    <ClInclude Include="ButtonReleased.h">
      <Filter>소스 파일\Component\UI\Button\ButtonState\Released</Filter>
    </ClInclude>
    <ClInclude Include="UtilFunction.h">
      <Filter>소스 파일\Util\UtilFunction</Filter>
    </ClInclude>
    <ClInclude Include="UISprite.h">
      <Filter>소스 파일\Component\UI\Sprite</Filter>
    </ClInclude>
    <ClInclude Include="UIText.h">
      <Filter>소스 파일\DefaultEntity\UI\Text</Filter>
    </ClInclude>
    <ClInclude Include="UIButton.h">
      <Filter>소스 파일\DefaultEntity\UI\Button</Filter>
    </ClInclude>
    <ClInclude Include="UIPannel.h">
      <Filter>소스 파일\DefaultEntity\UI\Pannel</Filter>
    </ClInclude>
    <ClInclude Include="RenderSystem.h">
      <Filter>소스 파일\BaseSystem\Render</Filter>
    </ClInclude>
  </ItemGroup>
  <ItemGroup>
    <ClCompile Include="TimeSystem.cpp">
      <Filter>소스 파일\Base\Time</Filter>
    </ClCompile>
    <ClCompile Include="GameEngine.cpp">
      <Filter>소스 파일\Base</Filter>
    </ClCompile>
    <ClCompile Include="pch.cpp">
      <Filter>소스 파일\Base</Filter>
    </ClCompile>
    <ClCompile Include="D2DRender.cpp">
      <Filter>소스 파일\Base\Render</Filter>
    </ClCompile>
    <ClCompile Include="EntityHandleTable.cpp">
      <Filter>소스 파일\EC\Entity\HandleTable</Filter>
    </ClCompile>
    <ClCompile Include="FamilyTypeId.cpp">
      <Filter>소스 파일\EC\FamilyTypeId</Filter>
    </ClCompile>
    <ClCompile Include="IComponent.cpp">
      <Filter>소스 파일\EC\Component\Base</Filter>
    </ClCompile>
    <ClCompile Include="Component.cpp">
      <Filter>소스 파일\EC\Component</Filter>
    </ClCompile>
    <ClCompile Include="IEntity.cpp">
      <Filter>소스 파일\EC\Entity\Base</Filter>
    </ClCompile>
    <ClCompile Include="Entity.cpp">
      <Filter>소스 파일\EC\Entity</Filter>
    </ClCompile>
    <ClCompile Include="Event.cpp">
      <Filter>소스 파일\EC\Event</Filter>
    </ClCompile>
    <ClCompile Include="IEvent.cpp">
      <Filter>소스 파일\EC\Event\Base</Filter>
    </ClCompile>
    <ClCompile Include="EventDelegate.cpp">
      <Filter>소스 파일\EC\Event\Delegate</Filter>
    </ClCompile>
    <ClCompile Include="EventDispatcher.cpp">
      <Filter>소스 파일\EC\Event\Dispatcher</Filter>
    </ClCompile>
    <ClCompile Include="EventHandler.cpp">
      <Filter>소스 파일\EC\Event\Handler</Filter>
    </ClCompile>
    <ClCompile Include="EventListener.cpp">
      <Filter>소스 파일\EC\Event\Listener</Filter>
    </ClCompile>
    <ClCompile Include="ComponentManager.cpp">
      <Filter>소스 파일\EC\Manager</Filter>
    </ClCompile>
    <ClCompile Include="EntityManager.cpp">
      <Filter>소스 파일\EC\Manager</Filter>
    </ClCompile>
    <ClCompile Include="ECBase.cpp">
      <Filter>소스 파일\EC\Base</Filter>
    </ClCompile>
    <ClCompile Include="ECMain.cpp">
      <Filter>소스 파일\EC\Base</Filter>
    </ClCompile>
    <ClCompile Include="Transform.cpp">
      <Filter>소스 파일\Component\Transform</Filter>
    </ClCompile>
    <ClCompile Include="Vector3.cpp">
      <Filter>소스 파일\Util\Vector3</Filter>
    </ClCompile>
    <ClCompile Include="Sprite.cpp">
      <Filter>소스 파일\Component\Sprite</Filter>
    </ClCompile>
    <ClCompile Include="ResourceSystem.cpp">
      <Filter>소스 파일\Resource</Filter>
    </ClCompile>
    <ClCompile Include="SpriteSet.cpp">
      <Filter>소스 파일\Resource\SpriteSet</Filter>
    </ClCompile>
    <ClCompile Include="MapComponent.cpp">
      <Filter>소스 파일\Component\Map</Filter>
    </ClCompile>
    <ClCompile Include="Map.cpp">
      <Filter>소스 파일\DefaultEntity\Map</Filter>
    </ClCompile>
    <ClCompile Include="Object.cpp">
      <Filter>소스 파일\DefaultEntity\Object</Filter>
    </ClCompile>
    <ClCompile Include="World.cpp">
      <Filter>소스 파일\DefaultEntity\World</Filter>
    </ClCompile>
    <ClCompile Include="DefaultUI.cpp">
      <Filter>소스 파일\DefaultEntity\UI</Filter>
    </ClCompile>
    <ClCompile Include="UITransform.cpp">
      <Filter>소스 파일\Component\UI\Transform</Filter>
    </ClCompile>
    <ClCompile Include="StateComponent.cpp">
      <Filter>소스 파일\Component\State</Filter>
    </ClCompile>
    <ClCompile Include="ColliderComponent.cpp">
      <Filter>소스 파일\Component\Collider</Filter>
    </ClCompile>
    <ClCompile Include="FunctionTimer.cpp">
      <Filter>소스 파일\Util\CallTimer</Filter>
    </ClCompile>
    <ClCompile Include="RigidBody.cpp">
      <Filter>소스 파일\Component\Rigidbody</Filter>
    </ClCompile>
    <ClCompile Include="InputSystem.cpp">
      <Filter>소스 파일\BaseSystem\Input</Filter>
    </ClCompile>
    <ClCompile Include="UIGroup.cpp">
      <Filter>소스 파일\Component\UI\Group</Filter>
    </ClCompile>
    <ClCompile Include="TextComponent.cpp">
      <Filter>소스 파일\Component\UI\Text</Filter>
    </ClCompile>
    <ClCompile Include="ButtonComponent.cpp">
      <Filter>소스 파일\Component\UI\Button</Filter>
    </ClCompile>
    <ClCompile Include="ButtonClicked.cpp">
      <Filter>소스 파일\Component\UI\Button\ButtonState\Clicked</Filter>
    </ClCompile>
    <ClCompile Include="ButtonHover.cpp">
      <Filter>소스 파일\Component\UI\Button\ButtonState\Hover</Filter>
    </ClCompile>
    <ClCompile Include="ButtonNormal.cpp">
      <Filter>소스 파일\Component\UI\Button\ButtonState\Normal</Filter>
    </ClCompile>
    <ClCompile Include="ButtonPressed.cpp">
      <Filter>소스 파일\Component\UI\Button\ButtonState\Pressed</Filter>
    </ClCompile>
    <ClCompile Include="ButtonReleased.cpp">
      <Filter>소스 파일\Component\UI\Button\ButtonState\Released</Filter>
    </ClCompile>
    <ClCompile Include="UtilFunction.cpp">
      <Filter>소스 파일\Util\UtilFunction</Filter>
    </ClCompile>
    <ClCompile Include="UISprite.cpp">
      <Filter>소스 파일\Component\UI\Sprite</Filter>
    </ClCompile>
    <ClCompile Include="UIText.cpp">
      <Filter>소스 파일\DefaultEntity\UI\Text</Filter>
    </ClCompile>
    <ClCompile Include="UIButton.cpp">
      <Filter>소스 파일\DefaultEntity\UI\Button</Filter>
    </ClCompile>
    <ClCompile Include="UIPannel.cpp">
      <Filter>소스 파일\DefaultEntity\UI\Pannel</Filter>
    </ClCompile>
    <ClCompile Include="RenderSystem.cpp">
      <Filter>소스 파일\BaseSystem\Render</Filter>
    </ClCompile>
  </ItemGroup>
</Project>